github.com/adityatelange/hugo-PaperMod v0.0.0-20260125152547-3bb0ca281fd1 h1:nS0GAIWJZIxy1YWwGce18ePQHB7v1Y1sxUTOOrBAIeA=
github.com/adityatelange/hugo-PaperMod v0.0.0-20260125152547-3bb0ca281fd1/go.mod h1:HCHxNMKYdGafUYjVV3ICiAqznZK2yH0iI53jqcDFDdQ=
github.com/wayjam/hugo-theme-fluidity v0.0.0-20250823165334-3852f0aebf3c h1:zo8bw8norMoZLJue9jHJiLvhjqNbXeCMY6enO7cZW9k=
github.com/wayjam/hugo-theme-fluidity v0.0.0-20250823165334-3852f0aebf3c/go.mod h1:b4VVloxRu4rbpo4SxLrty8cNsr+S1B5uG0z/HClyGp8=
