# @generated - this file is auto-generated by `mise lock` https://mise.jdx.dev/dev-tools/mise-lock.html

[[tools.hugo]]
version = "0.161.0"
backend = "aqua:gohugoio/hugo"

[tools.hugo."platforms.linux-arm64"]
checksum = "sha256:e5c70520dad1281c3a187b7441c056546f87ac6ac45e2b118b7a73ab1fba1c09"
url = "https://github.com/gohugoio/hugo/releases/download/v0.161.0/hugo_0.161.0_linux-arm64.tar.gz"

[tools.hugo."platforms.linux-arm64-musl"]
checksum = "sha256:e5c70520dad1281c3a187b7441c056546f87ac6ac45e2b118b7a73ab1fba1c09"
url = "https://github.com/gohugoio/hugo/releases/download/v0.161.0/hugo_0.161.0_linux-arm64.tar.gz"

[tools.hugo."platforms.linux-x64"]
checksum = "sha256:3b68676dfe548ab7cb41780fd5ca01123e05d093f371790d089ddf0b28ea0582"
url = "https://github.com/gohugoio/hugo/releases/download/v0.161.0/hugo_0.161.0_linux-amd64.tar.gz"

[tools.hugo."platforms.linux-x64-musl"]
checksum = "sha256:3b68676dfe548ab7cb41780fd5ca01123e05d093f371790d089ddf0b28ea0582"
url = "https://github.com/gohugoio/hugo/releases/download/v0.161.0/hugo_0.161.0_linux-amd64.tar.gz"

[tools.hugo."platforms.macos-arm64"]
checksum = "sha256:96c2c44429dd36ccac445338b57d75cf9e37fd04549f4d747f9529fd6b89da57"
url = "https://github.com/gohugoio/hugo/releases/download/v0.161.0/hugo_0.161.0_darwin-universal.pkg"

[tools.hugo."platforms.macos-x64"]
checksum = "sha256:96c2c44429dd36ccac445338b57d75cf9e37fd04549f4d747f9529fd6b89da57"
url = "https://github.com/gohugoio/hugo/releases/download/v0.161.0/hugo_0.161.0_darwin-universal.pkg"

[tools.hugo."platforms.windows-x64"]
checksum = "sha256:6258bb6beff7889083bf2007921484b3a9a4b38df13825be952037078dfe91d3"
url = "https://github.com/gohugoio/hugo/releases/download/v0.161.0/hugo_0.161.0_windows-amd64.zip"
